
Microsoft Visual Studio Solution File, Format Version 12.00
# Visual Studio Version 16
VisualStudioVersion = 16.0.29306.81
MinimumVisualStudioVersion = 10.0.40219.1
Project("{9A19103F-16F7-4668-BE54-9A1E7A4F7556}") = "expenses-webapi", "expenses-webapi.csproj", "{7FCD4166-4D0F-4356-8D1D-ACC103A3BC46}"
EndProject
Global
	GlobalSection(SolutionConfigurationPlatforms) = preSolution
		Debug|Any CPU = Debug|Any CPU
		Release|Any CPU = Release|Any CPU
	EndGlobalSection
	GlobalSection(ProjectConfigurationPlatforms) = postSolution
		{7FCD4166-4D0F-4356-8D1D-ACC103A3BC46}.Debug|Any CPU.ActiveCfg = Debug|Any CPU
		{7FCD4166-4D0F-4356-8D1D-ACC103A3BC46}.Debug|Any CPU.Build.0 = Debug|Any CPU
		{7FCD4166-4D0F-4356-8D1D-ACC103A3BC46}.Release|Any CPU.ActiveCfg = Release|Any CPU
		{7FCD4166-4D0F-4356-8D1D-ACC103A3BC46}.Release|Any CPU.Build.0 = Release|Any CPU
	EndGlobalSection
	GlobalSection(SolutionProperties) = preSolution
		HideSolutionNode = FALSE
	EndGlobalSection
	GlobalSection(ExtensibilityGlobals) = postSolution
		SolutionGuid = {0C01919D-A286-4F5D-8D89-07D0ED303DA9}
	EndGlobalSection
EndGlobal
